
Microsoft Visual Studio Solution File, Format Version 12.00
# Visual Studio Version 17
VisualStudioVersion = 17.14.36429.23
MinimumVisualStudioVersion = 10.0.40219.1
Project("{FAE04EC0-301F-11D3-BF4B-00C04F79EFBC}") = "RickAndMorty.WebApp", "RickAndMorty.WebApp\RickAndMorty.WebApp.csproj", "{AA2D0F41-1733-4C97-9633-72F1E3AD6157}"
EndProject
Project("{FAE04EC0-301F-11D3-BF4B-00C04F79EFBC}") = "RickAndMortyApp.Data", "RickAndMortyApp.Data\RickAndMortyApp.Data.csproj", "{10484F0A-DFF2-4CA0-888A-742A1BD45E9A}"
EndProject
Project("{FAE04EC0-301F-11D3-BF4B-00C04F79EFBC}") = "RickAndMortyApp.Console", "RickAndMortyApp.Console\RickAndMortyApp.Console.csproj", "{92DA29A9-398A-413B-BDD6-18CE3656757A}"
EndProject
Project("{FAE04EC0-301F-11D3-BF4B-00C04F79EFBC}") = "RickAndMorty.Services", "RickAndMorty.Services\RickAndMorty.Services.csproj", "{546D9ADF-2FB7-4152-91D3-BE47A4329556}"
EndProject
Project("{FAE04EC0-301F-11D3-BF4B-00C04F79EFBC}") = "RickAndMortyApp.Test", "RickAndMortyApp.Test\RickAndMortyApp.Test.csproj", "{270FC1A2-928B-4091-8DFC-2DEE08EED6BD}"
EndProject
Global
	GlobalSection(SolutionConfigurationPlatforms) = preSolution
		Debug|Any CPU = Debug|Any CPU
		Release|Any CPU = Release|Any CPU
	EndGlobalSection
	GlobalSection(ProjectConfigurationPlatforms) = postSolution
		{AA2D0F41-1733-4C97-9633-72F1E3AD6157}.Debug|Any CPU.ActiveCfg = Debug|Any CPU
		{AA2D0F41-1733-4C97-9633-72F1E3AD6157}.Debug|Any CPU.Build.0 = Debug|Any CPU
		{AA2D0F41-1733-4C97-9633-72F1E3AD6157}.Release|Any CPU.ActiveCfg = Release|Any CPU
		{AA2D0F41-1733-4C97-9633-72F1E3AD6157}.Release|Any CPU.Build.0 = Release|Any CPU
		{10484F0A-DFF2-4CA0-888A-742A1BD45E9A}.Debug|Any CPU.ActiveCfg = Debug|Any CPU
		{10484F0A-DFF2-4CA0-888A-742A1BD45E9A}.Debug|Any CPU.Build.0 = Debug|Any CPU
		{10484F0A-DFF2-4CA0-888A-742A1BD45E9A}.Release|Any CPU.ActiveCfg = Release|Any CPU
		{10484F0A-DFF2-4CA0-888A-742A1BD45E9A}.Release|Any CPU.Build.0 = Release|Any CPU
		{92DA29A9-398A-413B-BDD6-18CE3656757A}.Debug|Any CPU.ActiveCfg = Debug|Any CPU
		{92DA29A9-398A-413B-BDD6-18CE3656757A}.Debug|Any CPU.Build.0 = Debug|Any CPU
		{92DA29A9-398A-413B-BDD6-18CE3656757A}.Release|Any CPU.ActiveCfg = Release|Any CPU
		{92DA29A9-398A-413B-BDD6-18CE3656757A}.Release|Any CPU.Build.0 = Release|Any CPU
		{546D9ADF-2FB7-4152-91D3-BE47A4329556}.Debug|Any CPU.ActiveCfg = Debug|Any CPU
		{546D9ADF-2FB7-4152-91D3-BE47A4329556}.Debug|Any CPU.Build.0 = Debug|Any CPU
		{546D9ADF-2FB7-4152-91D3-BE47A4329556}.Release|Any CPU.ActiveCfg = Release|Any CPU
		{546D9ADF-2FB7-4152-91D3-BE47A4329556}.Release|Any CPU.Build.0 = Release|Any CPU
		{270FC1A2-928B-4091-8DFC-2DEE08EED6BD}.Debug|Any CPU.ActiveCfg = Debug|Any CPU
		{270FC1A2-928B-4091-8DFC-2DEE08EED6BD}.Debug|Any CPU.Build.0 = Debug|Any CPU
		{270FC1A2-928B-4091-8DFC-2DEE08EED6BD}.Release|Any CPU.ActiveCfg = Release|Any CPU
		{270FC1A2-928B-4091-8DFC-2DEE08EED6BD}.Release|Any CPU.Build.0 = Release|Any CPU
	EndGlobalSection
	GlobalSection(SolutionProperties) = preSolution
		HideSolutionNode = FALSE
	EndGlobalSection
	GlobalSection(ExtensibilityGlobals) = postSolution
		SolutionGuid = {809E1C6E-414C-4C70-B3B2-17BD1364A8EB}
	EndGlobalSection
EndGlobal
